// !$*UTF8*$!
{
	archiveVersion = 1;
	classes = {
	};
	objectVersion = 55;
	objects = {

/* Begin PBXBuildFile section */
		4D493F1D6375C62597B22FF2 /* Pods_TimeVisualizer.framework in Frameworks */ = {isa = PBXBuildFile; fileRef = 3F2346B08F9101B441428A1C /* Pods_TimeVisualizer.framework */; };
		7E7B48D8A9C81AFD57061FF9 /* Pods_TimeVisualizer_TimeVisualizerUITests.framework in Frameworks */ = {isa = PBXBuildFile; fileRef = 0E90B0AD01550D5672AC3624 /* Pods_TimeVisualizer_TimeVisualizerUITests.framework */; };
		8432D14C276D14250029C3F1 /* AppDelegate.swift in Sources */ = {isa = PBXBuildFile; fileRef = 8432D14B276D14250029C3F1 /* AppDelegate.swift */; };
		8432D14E276D14250029C3F1 /* SceneDelegate.swift in Sources */ = {isa = PBXBuildFile; fileRef = 8432D14D276D14250029C3F1 /* SceneDelegate.swift */; };
		8432D150276D14250029C3F1 /* MainViewController.swift in Sources */ = {isa = PBXBuildFile; fileRef = 8432D14F276D14250029C3F1 /* MainViewController.swift */; };
		8432D153276D14250029C3F1 /* Main.storyboard in Resources */ = {isa = PBXBuildFile; fileRef = 8432D151276D14250029C3F1 /* Main.storyboard */; };
		8432D156276D14250029C3F1 /* TimeVisualizer.xcdatamodeld in Sources */ = {isa = PBXBuildFile; fileRef = 8432D154276D14250029C3F1 /* TimeVisualizer.xcdatamodeld */; };
		8432D158276D14280029C3F1 /* Assets.xcassets in Resources */ = {isa = PBXBuildFile; fileRef = 8432D157276D14280029C3F1 /* Assets.xcassets */; };
		8432D15B276D14280029C3F1 /* LaunchScreen.storyboard in Resources */ = {isa = PBXBuildFile; fileRef = 8432D159276D14280029C3F1 /* LaunchScreen.storyboard */; };
		8432D166276D14280029C3F1 /* TimeVisualizerTests.swift in Sources */ = {isa = PBXBuildFile; fileRef = 8432D165276D14280029C3F1 /* TimeVisualizerTests.swift */; };
		8432D170276D14280029C3F1 /* TimeVisualizerUITests.swift in Sources */ = {isa = PBXBuildFile; fileRef = 8432D16F276D14280029C3F1 /* TimeVisualizerUITests.swift */; };
		8432D172276D14280029C3F1 /* TimeVisualizerUITestsLaunchTests.swift in Sources */ = {isa = PBXBuildFile; fileRef = 8432D171276D14280029C3F1 /* TimeVisualizerUITestsLaunchTests.swift */; };
		8432D17F276E123B0029C3F1 /* ChartsViewController.swift in Sources */ = {isa = PBXBuildFile; fileRef = 8432D17E276E123B0029C3F1 /* ChartsViewController.swift */; };
		8432D181276E78920029C3F1 /* CustomTableViewCell.swift in Sources */ = {isa = PBXBuildFile; fileRef = 8432D180276E78920029C3F1 /* CustomTableViewCell.swift */; };
		8432D183276E7BCB0029C3F1 /* KeywordsViewController.swift in Sources */ = {isa = PBXBuildFile; fileRef = 8432D182276E7BCB0029C3F1 /* KeywordsViewController.swift */; };
		8432D185276E7F640029C3F1 /* ControllDelegate.swift in Sources */ = {isa = PBXBuildFile; fileRef = 8432D184276E7F640029C3F1 /* ControllDelegate.swift */; };
		98601EFF70F7CC2BBC23CFCA /* Pods_TimeVisualizerTests.framework in Frameworks */ = {isa = PBXBuildFile; fileRef = 8346D9DFA3C99D8A9E187888 /* Pods_TimeVisualizerTests.framework */; };
/* End PBXBuildFile section */

/* Begin PBXContainerItemProxy section */
		8432D162276D14280029C3F1 /* PBXContainerItemProxy */ = {
			isa = PBXContainerItemProxy;
			containerPortal = 8432D140276D14250029C3F1 /* Project object */;
			proxyType = 1;
			remoteGlobalIDString = 8432D147276D14250029C3F1;
			remoteInfo = TimeVisualizer;
		};
		8432D16C276D14280029C3F1 /* PBXContainerItemProxy */ = {
			isa = PBXContainerItemProxy;
			containerPortal = 8432D140276D14250029C3F1 /* Project object */;
			proxyType = 1;
			remoteGlobalIDString = 8432D147276D14250029C3F1;
			remoteInfo = TimeVisualizer;
		};
/* End PBXContainerItemProxy section */

/* Begin PBXFileReference section */
		0E90B0AD01550D5672AC3624 /* Pods_TimeVisualizer_TimeVisualizerUITests.framework */ = {isa = PBXFileReference; explicitFileType = wrapper.framework; includeInIndex = 0; path = Pods_TimeVisualizer_TimeVisualizerUITests.framework; sourceTree = BUILT_PRODUCTS_DIR; };
		278C362601C08D99B03E9050 /* Pods-TimeVisualizerTests.debug.xcconfig */ = {isa = PBXFileReference; includeInIndex = 1; lastKnownFileType = text.xcconfig; name = "Pods-TimeVisualizerTests.debug.xcconfig"; path = "Target Support Files/Pods-TimeVisualizerTests/Pods-TimeVisualizerTests.debug.xcconfig"; sourceTree = "<group>"; };
		33352E006CE7450921008181 /* Pods-TimeVisualizer-TimeVisualizerUITests.release.xcconfig */ = {isa = PBXFileReference; includeInIndex = 1; lastKnownFileType = text.xcconfig; name = "Pods-TimeVisualizer-TimeVisualizerUITests.release.xcconfig"; path = "Target Support Files/Pods-TimeVisualizer-TimeVisualizerUITests/Pods-TimeVisualizer-TimeVisualizerUITests.release.xcconfig"; sourceTree = "<group>"; };
		3B0164FF735030202973DA1F /* Pods-TimeVisualizerTests.release.xcconfig */ = {isa = PBXFileReference; includeInIndex = 1; lastKnownFileType = text.xcconfig; name = "Pods-TimeVisualizerTests.release.xcconfig"; path = "Target Support Files/Pods-TimeVisualizerTests/Pods-TimeVisualizerTests.release.xcconfig"; sourceTree = "<group>"; };
		3F2346B08F9101B441428A1C /* Pods_TimeVisualizer.framework */ = {isa = PBXFileReference; explicitFileType = wrapper.framework; includeInIndex = 0; path = Pods_TimeVisualizer.framework; sourceTree = BUILT_PRODUCTS_DIR; };
		7B1397C8B2C1C0C7DC37FBCF /* Pods-TimeVisualizer.debug.xcconfig */ = {isa = PBXFileReference; includeInIndex = 1; lastKnownFileType = text.xcconfig; name = "Pods-TimeVisualizer.debug.xcconfig"; path = "Target Support Files/Pods-TimeVisualizer/Pods-TimeVisualizer.debug.xcconfig"; sourceTree = "<group>"; };
		8346D9DFA3C99D8A9E187888 /* Pods_TimeVisualizerTests.framework */ = {isa = PBXFileReference; explicitFileType = wrapper.framework; includeInIndex = 0; path = Pods_TimeVisualizerTests.framework; sourceTree = BUILT_PRODUCTS_DIR; };
		8432D148276D14250029C3F1 /* TimeVisualizer.app */ = {isa = PBXFileReference; explicitFileType = wrapper.application; includeInIndex = 0; path = TimeVisualizer.app; sourceTree = BUILT_PRODUCTS_DIR; };
		8432D14B276D14250029C3F1 /* AppDelegate.swift */ = {isa = PBXFileReference; lastKnownFileType = sourcecode.swift; path = AppDelegate.swift; sourceTree = "<group>"; };
		8432D14D276D14250029C3F1 /* SceneDelegate.swift */ = {isa = PBXFileReference; lastKnownFileType = sourcecode.swift; path = SceneDelegate.swift; sourceTree = "<group>"; };
		8432D14F276D14250029C3F1 /* MainViewController.swift */ = {isa = PBXFileReference; lastKnownFileType = sourcecode.swift; path = MainViewController.swift; sourceTree = "<group>"; };
		8432D152276D14250029C3F1 /* Base */ = {isa = PBXFileReference; lastKnownFileType = file.storyboard; name = Base; path = Base.lproj/Main.storyboard; sourceTree = "<group>"; };
		8432D155276D14250029C3F1 /* TimeVisualizer.xcdatamodel */ = {isa = PBXFileReference; lastKnownFileType = wrapper.xcdatamodel; path = TimeVisualizer.xcdatamodel; sourceTree = "<group>"; };
		8432D157276D14280029C3F1 /* Assets.xcassets */ = {isa = PBXFileReference; lastKnownFileType = folder.assetcatalog; path = Assets.xcassets; sourceTree = "<group>"; };
		8432D15A276D14280029C3F1 /* Base */ = {isa = PBXFileReference; lastKnownFileType = file.storyboard; name = Base; path = Base.lproj/LaunchScreen.storyboard; sourceTree = "<group>"; };
		8432D15C276D14280029C3F1 /* Info.plist */ = {isa = PBXFileReference; lastKnownFileType = text.plist.xml; path = Info.plist; sourceTree = "<group>"; };
		8432D161276D14280029C3F1 /* TimeVisualizerTests.xctest */ = {isa = PBXFileReference; explicitFileType = wrapper.cfbundle; includeInIndex = 0; path = TimeVisualizerTests.xctest; sourceTree = BUILT_PRODUCTS_DIR; };
		8432D165276D14280029C3F1 /* TimeVisualizerTests.swift */ = {isa = PBXFileReference; lastKnownFileType = sourcecode.swift; path = TimeVisualizerTests.swift; sourceTree = "<group>"; };
		8432D16B276D14280029C3F1 /* TimeVisualizerUITests.xctest */ = {isa = PBXFileReference; explicitFileType = wrapper.cfbundle; includeInIndex = 0; path = TimeVisualizerUITests.xctest; sourceTree = BUILT_PRODUCTS_DIR; };
		8432D16F276D14280029C3F1 /* TimeVisualizerUITests.swift */ = {isa = PBXFileReference; lastKnownFileType = sourcecode.swift; path = TimeVisualizerUITests.swift; sourceTree = "<group>"; };
		8432D171276D14280029C3F1 /* TimeVisualizerUITestsLaunchTests.swift */ = {isa = PBXFileReference; lastKnownFileType = sourcecode.swift; path = TimeVisualizerUITestsLaunchTests.swift; sourceTree = "<group>"; };
		8432D17E276E123B0029C3F1 /* ChartsViewController.swift */ = {isa = PBXFileReference; lastKnownFileType = sourcecode.swift; path = ChartsViewController.swift; sourceTree = "<group>"; };
		8432D180276E78920029C3F1 /* CustomTableViewCell.swift */ = {isa = PBXFileReference; lastKnownFileType = sourcecode.swift; path = CustomTableViewCell.swift; sourceTree = "<group>"; };
		8432D182276E7BCB0029C3F1 /* KeywordsViewController.swift */ = {isa = PBXFileReference; lastKnownFileType = sourcecode.swift; path = KeywordsViewController.swift; sourceTree = "<group>"; };
		8432D184276E7F640029C3F1 /* ControllDelegate.swift */ = {isa = PBXFileReference; lastKnownFileType = sourcecode.swift; path = ControllDelegate.swift; sourceTree = "<group>"; };
		9B6EC14DA75BAFBE8D6B9687 /* Pods-TimeVisualizer-TimeVisualizerUITests.debug.xcconfig */ = {isa = PBXFileReference; includeInIndex = 1; lastKnownFileType = text.xcconfig; name = "Pods-TimeVisualizer-TimeVisualizerUITests.debug.xcconfig"; path = "Target Support Files/Pods-TimeVisualizer-TimeVisualizerUITests/Pods-TimeVisualizer-TimeVisualizerUITests.debug.xcconfig"; sourceTree = "<group>"; };
		AA5C89B8D3345433780078C3 /* Pods-TimeVisualizer.release.xcconfig */ = {isa = PBXFileReference; includeInIndex = 1; lastKnownFileType = text.xcconfig; name = "Pods-TimeVisualizer.release.xcconfig"; path = "Target Support Files/Pods-TimeVisualizer/Pods-TimeVisualizer.release.xcconfig"; sourceTree = "<group>"; };
/* End PBXFileReference section */

/* Begin PBXFrameworksBuildPhase section */
		8432D145276D14250029C3F1 /* Frameworks */ = {
			isa = PBXFrameworksBuildPhase;
			buildActionMask = 2147483647;
			files = (
				4D493F1D6375C62597B22FF2 /* Pods_TimeVisualizer.framework in Frameworks */,
			);
			runOnlyForDeploymentPostprocessing = 0;
		};
		8432D15E276D14280029C3F1 /* Frameworks */ = {
			isa = PBXFrameworksBuildPhase;
			buildActionMask = 2147483647;
			files = (
				98601EFF70F7CC2BBC23CFCA /* Pods_TimeVisualizerTests.framework in Frameworks */,
			);
			runOnlyForDeploymentPostprocessing = 0;
		};
		8432D168276D14280029C3F1 /* Frameworks */ = {
			isa = PBXFrameworksBuildPhase;
			buildActionMask = 2147483647;
			files = (
				7E7B48D8A9C81AFD57061FF9 /* Pods_TimeVisualizer_TimeVisualizerUITests.framework in Frameworks */,
			);
			runOnlyForDeploymentPostprocessing = 0;
		};
/* End PBXFrameworksBuildPhase section */

/* Begin PBXGroup section */
		81591B324258C7A7CBD7A768 /* Frameworks */ = {
			isa = PBXGroup;
			children = (
				3F2346B08F9101B441428A1C /* Pods_TimeVisualizer.framework */,
				0E90B0AD01550D5672AC3624 /* Pods_TimeVisualizer_TimeVisualizerUITests.framework */,
				8346D9DFA3C99D8A9E187888 /* Pods_TimeVisualizerTests.framework */,
			);
			name = Frameworks;
			sourceTree = "<group>";
		};
		8432D13F276D14250029C3F1 = {
			isa = PBXGroup;
			children = (
				8432D14A276D14250029C3F1 /* TimeVisualizer */,
				8432D164276D14280029C3F1 /* TimeVisualizerTests */,
				8432D16E276D14280029C3F1 /* TimeVisualizerUITests */,
				8432D149276D14250029C3F1 /* Products */,
				E97A4CF3E57B9AE4D9DF91FD /* Pods */,
				81591B324258C7A7CBD7A768 /* Frameworks */,
			);
			sourceTree = "<group>";
		};
		8432D149276D14250029C3F1 /* Products */ = {
			isa = PBXGroup;
			children = (
				8432D148276D14250029C3F1 /* TimeVisualizer.app */,
				8432D161276D14280029C3F1 /* TimeVisualizerTests.xctest */,
				8432D16B276D14280029C3F1 /* TimeVisualizerUITests.xctest */,
			);
			name = Products;
			sourceTree = "<group>";
		};
		8432D14A276D14250029C3F1 /* TimeVisualizer */ = {
			isa = PBXGroup;
			children = (
				8432D14B276D14250029C3F1 /* AppDelegate.swift */,
				8432D14D276D14250029C3F1 /* SceneDelegate.swift */,
				8432D180276E78920029C3F1 /* CustomTableViewCell.swift */,
				8432D184276E7F640029C3F1 /* ControllDelegate.swift */,
				8432D182276E7BCB0029C3F1 /* KeywordsViewController.swift */,
				8432D17E276E123B0029C3F1 /* ChartsViewController.swift */,
				8432D14F276D14250029C3F1 /* MainViewController.swift */,
				8432D151276D14250029C3F1 /* Main.storyboard */,
				8432D157276D14280029C3F1 /* Assets.xcassets */,
				8432D159276D14280029C3F1 /* LaunchScreen.storyboard */,
				8432D15C276D14280029C3F1 /* Info.plist */,
				8432D154276D14250029C3F1 /* TimeVisualizer.xcdatamodeld */,
			);
			path = TimeVisualizer;
			sourceTree = "<group>";
		};
		8432D164276D14280029C3F1 /* TimeVisualizerTests */ = {
			isa = PBXGroup;
			children = (
				8432D165276D14280029C3F1 /* TimeVisualizerTests.swift */,
			);
			path = TimeVisualizerTests;
			sourceTree = "<group>";
		};
		8432D16E276D14280029C3F1 /* TimeVisualizerUITests */ = {
			isa = PBXGroup;
			children = (
				8432D16F276D14280029C3F1 /* TimeVisualizerUITests.swift */,
				8432D171276D14280029C3F1 /* TimeVisualizerUITestsLaunchTests.swift */,
			);
			path = TimeVisualizerUITests;
			sourceTree = "<group>";
		};
		E97A4CF3E57B9AE4D9DF91FD /* Pods */ = {
			isa = PBXGroup;
			children = (
				7B1397C8B2C1C0C7DC37FBCF /* Pods-TimeVisualizer.debug.xcconfig */,
				AA5C89B8D3345433780078C3 /* Pods-TimeVisualizer.release.xcconfig */,
				9B6EC14DA75BAFBE8D6B9687 /* Pods-TimeVisualizer-TimeVisualizerUITests.debug.xcconfig */,
				33352E006CE7450921008181 /* Pods-TimeVisualizer-TimeVisualizerUITests.release.xcconfig */,
				278C362601C08D99B03E9050 /* Pods-TimeVisualizerTests.debug.xcconfig */,
				3B0164FF735030202973DA1F /* Pods-TimeVisualizerTests.release.xcconfig */,
			);
			path = Pods;
			sourceTree = "<group>";
		};
/* End PBXGroup section */

/* Begin PBXNativeTarget section */
		8432D147276D14250029C3F1 /* TimeVisualizer */ = {
			isa = PBXNativeTarget;
			buildConfigurationList = 8432D175276D14280029C3F1 /* Build configuration list for PBXNativeTarget "TimeVisualizer" */;
			buildPhases = (
				9F0B130DFC90C1EE94FB4E58 /* [CP] Check Pods Manifest.lock */,
				8432D144276D14250029C3F1 /* Sources */,
				8432D145276D14250029C3F1 /* Frameworks */,
				8432D146276D14250029C3F1 /* Resources */,
				1F1ACEDC7E38DD845A1D012E /* [CP] Embed Pods Frameworks */,
			);
			buildRules = (
			);
			dependencies = (
			);
			name = TimeVisualizer;
			productName = TimeVisualizer;
			productReference = 8432D148276D14250029C3F1 /* TimeVisualizer.app */;
			productType = "com.apple.product-type.application";
		};
		8432D160276D14280029C3F1 /* TimeVisualizerTests */ = {
			isa = PBXNativeTarget;
			buildConfigurationList = 8432D178276D14280029C3F1 /* Build configuration list for PBXNativeTarget "TimeVisualizerTests" */;
			buildPhases = (
				2D4BA43617D3110C069BD0B2 /* [CP] Check Pods Manifest.lock */,
				8432D15D276D14280029C3F1 /* Sources */,
				8432D15E276D14280029C3F1 /* Frameworks */,
				8432D15F276D14280029C3F1 /* Resources */,
			);
			buildRules = (
			);
			dependencies = (
				8432D163276D14280029C3F1 /* PBXTargetDependency */,
			);
			name = TimeVisualizerTests;
			productName = TimeVisualizerTests;
			productReference = 8432D161276D14280029C3F1 /* TimeVisualizerTests.xctest */;
			productType = "com.apple.product-type.bundle.unit-test";
		};
		8432D16A276D14280029C3F1 /* TimeVisualizerUITests */ = {
			isa = PBXNativeTarget;
			buildConfigurationList = 8432D17B276D14280029C3F1 /* Build configuration list for PBXNativeTarget "TimeVisualizerUITests" */;
			buildPhases = (
				A7A4E1FD1648ADCC955B9EE4 /* [CP] Check Pods Manifest.lock */,
				8432D167276D14280029C3F1 /* Sources */,
				8432D168276D14280029C3F1 /* Frameworks */,
				8432D169276D14280029C3F1 /* Resources */,
				50434DF7E29C256B2EE4AD2A /* [CP] Embed Pods Frameworks */,
			);
			buildRules = (
			);
			dependencies = (
				8432D16D276D14280029C3F1 /* PBXTargetDependency */,
			);
			name = TimeVisualizerUITests;
			productName = TimeVisualizerUITests;
			productReference = 8432D16B276D14280029C3F1 /* TimeVisualizerUITests.xctest */;
			productType = "com.apple.product-type.bundle.ui-testing";
		};
/* End PBXNativeTarget section */

/* Begin PBXProject section */
		8432D140276D14250029C3F1 /* Project object */ = {
			isa = PBXProject;
			attributes = {
				BuildIndependentTargetsInParallel = 1;
				LastSwiftUpdateCheck = 1320;
				LastUpgradeCheck = 1320;
				TargetAttributes = {
					8432D147276D14250029C3F1 = {
						CreatedOnToolsVersion = 13.2;
					};
					8432D160276D14280029C3F1 = {
						CreatedOnToolsVersion = 13.2;
						TestTargetID = 8432D147276D14250029C3F1;
					};
					8432D16A276D14280029C3F1 = {
						CreatedOnToolsVersion = 13.2;
						TestTargetID = 8432D147276D14250029C3F1;
					};
				};
			};
			buildConfigurationList = 8432D143276D14250029C3F1 /* Build configuration list for PBXProject "TimeVisualizer" */;
			compatibilityVersion = "Xcode 13.0";
			developmentRegion = en;
			hasScannedForEncodings = 0;
			knownRegions = (
				en,
				Base,
			);
			mainGroup = 8432D13F276D14250029C3F1;
			productRefGroup = 8432D149276D14250029C3F1 /* Products */;
			projectDirPath = "";
			projectRoot = "";
			targets = (
				8432D147276D14250029C3F1 /* TimeVisualizer */,
				8432D160276D14280029C3F1 /* TimeVisualizerTests */,
				8432D16A276D14280029C3F1 /* TimeVisualizerUITests */,
			);
		};
/* End PBXProject section */

/* Begin PBXResourcesBuildPhase section */
		8432D146276D14250029C3F1 /* Resources */ = {
			isa = PBXResourcesBuildPhase;
			buildActionMask = 2147483647;
			files = (
				8432D15B276D14280029C3F1 /* LaunchScreen.storyboard in Resources */,
				8432D158276D14280029C3F1 /* Assets.xcassets in Resources */,
				8432D153276D14250029C3F1 /* Main.storyboard in Resources */,
			);
			runOnlyForDeploymentPostprocessing = 0;
		};
		8432D15F276D14280029C3F1 /* Resources */ = {
			isa = PBXResourcesBuildPhase;
			buildActionMask = 2147483647;
			files = (
			);
			runOnlyForDeploymentPostprocessing = 0;
		};
		8432D169276D14280029C3F1 /* Resources */ = {
			isa = PBXResourcesBuildPhase;
			buildActionMask = 2147483647;
			files = (
			);
			runOnlyForDeploymentPostprocessing = 0;
		};
/* End PBXResourcesBuildPhase section */

/* Begin PBXShellScriptBuildPhase section */
		1F1ACEDC7E38DD845A1D012E /* [CP] Embed Pods Frameworks */ = {
			isa = PBXShellScriptBuildPhase;
			buildActionMask = 2147483647;
			files = (
			);
			inputFileListPaths = (
				"${PODS_ROOT}/Target Support Files/Pods-TimeVisualizer/Pods-TimeVisualizer-frameworks-${CONFIGURATION}-input-files.xcfilelist",
			);
			name = "[CP] Embed Pods Frameworks";
			outputFileListPaths = (
				"${PODS_ROOT}/Target Support Files/Pods-TimeVisualizer/Pods-TimeVisualizer-frameworks-${CONFIGURATION}-output-files.xcfilelist",
			);
			runOnlyForDeploymentPostprocessing = 0;
			shellPath = /bin/sh;
			shellScript = "\"${PODS_ROOT}/Target Support Files/Pods-TimeVisualizer/Pods-TimeVisualizer-frameworks.sh\"\n";
			showEnvVarsInLog = 0;
		};
		2D4BA43617D3110C069BD0B2 /* [CP] Check Pods Manifest.lock */ = {
			isa = PBXShellScriptBuildPhase;
			buildActionMask = 2147483647;
			files = (
			);
			inputFileListPaths = (
			);
			inputPaths = (
				"${PODS_PODFILE_DIR_PATH}/Podfile.lock",
				"${PODS_ROOT}/Manifest.lock",
			);
			name = "[CP] Check Pods Manifest.lock";
			outputFileListPaths = (
			);
			outputPaths = (
				"$(DERIVED_FILE_DIR)/Pods-TimeVisualizerTests-checkManifestLockResult.txt",
			);
			runOnlyForDeploymentPostprocessing = 0;
			shellPath = /bin/sh;
			shellScript = "diff \"${PODS_PODFILE_DIR_PATH}/Podfile.lock\" \"${PODS_ROOT}/Manifest.lock\" > /dev/null\nif [ $? != 0 ] ; then\n    # print error to STDERR\n    echo \"error: The sandbox is not in sync with the Podfile.lock. Run 'pod install' or update your CocoaPods installation.\" >&2\n    exit 1\nfi\n# This output is used by Xcode 'outputs' to avoid re-running this script phase.\necho \"SUCCESS\" > \"${SCRIPT_OUTPUT_FILE_0}\"\n";
			showEnvVarsInLog = 0;
		};
		50434DF7E29C256B2EE4AD2A /* [CP] Embed Pods Frameworks */ = {
			isa = PBXShellScriptBuildPhase;
			buildActionMask = 2147483647;
			files = (
			);
			inputFileListPaths = (
				"${PODS_ROOT}/Target Support Files/Pods-TimeVisualizer-TimeVisualizerUITests/Pods-TimeVisualizer-TimeVisualizerUITests-frameworks-${CONFIGURATION}-input-files.xcfilelist",
			);
			name = "[CP] Embed Pods Frameworks";
			outputFileListPaths = (
				"${PODS_ROOT}/Target Support Files/Pods-TimeVisualizer-TimeVisualizerUITests/Pods-TimeVisualizer-TimeVisualizerUITests-frameworks-${CONFIGURATION}-output-files.xcfilelist",
			);
			runOnlyForDeploymentPostprocessing = 0;
			shellPath = /bin/sh;
			shellScript = "\"${PODS_ROOT}/Target Support Files/Pods-TimeVisualizer-TimeVisualizerUITests/Pods-TimeVisualizer-TimeVisualizerUITests-frameworks.sh\"\n";
			showEnvVarsInLog = 0;
		};
		9F0B130DFC90C1EE94FB4E58 /* [CP] Check Pods Manifest.lock */ = {
			isa = PBXShellScriptBuildPhase;
			buildActionMask = 2147483647;
			files = (
			);
			inputFileListPaths = (
			);
			inputPaths = (
				"${PODS_PODFILE_DIR_PATH}/Podfile.lock",
				"${PODS_ROOT}/Manifest.lock",
			);
			name = "[CP] Check Pods Manifest.lock";
			outputFileListPaths = (
			);
			outputPaths = (
				"$(DERIVED_FILE_DIR)/Pods-TimeVisualizer-checkManifestLockResult.txt",
			);
			runOnlyForDeploymentPostprocessing = 0;
			shellPath = /bin/sh;
			shellScript = "diff \"${PODS_PODFILE_DIR_PATH}/Podfile.lock\" \"${PODS_ROOT}/Manifest.lock\" > /dev/null\nif [ $? != 0 ] ; then\n    # print error to STDERR\n    echo \"error: The sandbox is not in sync with the Podfile.lock. Run 'pod install' or update your CocoaPods installation.\" >&2\n    exit 1\nfi\n# This output is used by Xcode 'outputs' to avoid re-running this script phase.\necho \"SUCCESS\" > \"${SCRIPT_OUTPUT_FILE_0}\"\n";
			showEnvVarsInLog = 0;
		};
		A7A4E1FD1648ADCC955B9EE4 /* [CP] Check Pods Manifest.lock */ = {
			isa = PBXShellScriptBuildPhase;
			buildActionMask = 2147483647;
			files = (
			);
			inputFileListPaths = (
			);
			inputPaths = (
				"${PODS_PODFILE_DIR_PATH}/Podfile.lock",
				"${PODS_ROOT}/Manifest.lock",
			);
			name = "[CP] Check Pods Manifest.lock";
			outputFileListPaths = (
			);
			outputPaths = (
				"$(DERIVED_FILE_DIR)/Pods-TimeVisualizer-TimeVisualizerUITests-checkManifestLockResult.txt",
			);
			runOnlyForDeploymentPostprocessing = 0;
			shellPath = /bin/sh;
			shellScript = "diff \"${PODS_PODFILE_DIR_PATH}/Podfile.lock\" \"${PODS_ROOT}/Manifest.lock\" > /dev/null\nif [ $? != 0 ] ; then\n    # print error to STDERR\n    echo \"error: The sandbox is not in sync with the Podfile.lock. Run 'pod install' or update your CocoaPods installation.\" >&2\n    exit 1\nfi\n# This output is used by Xcode 'outputs' to avoid re-running this script phase.\necho \"SUCCESS\" > \"${SCRIPT_OUTPUT_FILE_0}\"\n";
			showEnvVarsInLog = 0;
		};
/* End PBXShellScriptBuildPhase section */

/* Begin PBXSourcesBuildPhase section */
		8432D144276D14250029C3F1 /* Sources */ = {
			isa = PBXSourcesBuildPhase;
			buildActionMask = 2147483647;
			files = (
				8432D181276E78920029C3F1 /* CustomTableViewCell.swift in Sources */,
				8432D185276E7F640029C3F1 /* ControllDelegate.swift in Sources */,
				8432D156276D14250029C3F1 /* TimeVisualizer.xcdatamodeld in Sources */,
				8432D17F276E123B0029C3F1 /* ChartsViewController.swift in Sources */,
				8432D183276E7BCB0029C3F1 /* KeywordsViewController.swift in Sources */,
				8432D150276D14250029C3F1 /* MainViewController.swift in Sources */,
				8432D14C276D14250029C3F1 /* AppDelegate.swift in Sources */,
				8432D14E276D14250029C3F1 /* SceneDelegate.swift in Sources */,
			);
			runOnlyForDeploymentPostprocessing = 0;
		};
		8432D15D276D14280029C3F1 /* Sources */ = {
			isa = PBXSourcesBuildPhase;
			buildActionMask = 2147483647;
			files = (
				8432D166276D14280029C3F1 /* TimeVisualizerTests.swift in Sources */,
			);
			runOnlyForDeploymentPostprocessing = 0;
		};
		8432D167276D14280029C3F1 /* Sources */ = {
			isa = PBXSourcesBuildPhase;
			buildActionMask = 2147483647;
			files = (
				8432D170276D14280029C3F1 /* TimeVisualizerUITests.swift in Sources */,
				8432D172276D14280029C3F1 /* TimeVisualizerUITestsLaunchTests.swift in Sources */,
			);
			runOnlyForDeploymentPostprocessing = 0;
		};
/* End PBXSourcesBuildPhase section */

/* Begin PBXTargetDependency section */
		8432D163276D14280029C3F1 /* PBXTargetDependency */ = {
			isa = PBXTargetDependency;
			target = 8432D147276D14250029C3F1 /* TimeVisualizer */;
			targetProxy = 8432D162276D14280029C3F1 /* PBXContainerItemProxy */;
		};
		8432D16D276D14280029C3F1 /* PBXTargetDependency */ = {
			isa = PBXTargetDependency;
			target = 8432D147276D14250029C3F1 /* TimeVisualizer */;
			targetProxy = 8432D16C276D14280029C3F1 /* PBXContainerItemProxy */;
		};
/* End PBXTargetDependency section */

/* Begin PBXVariantGroup section */
		8432D151276D14250029C3F1 /* Main.storyboard */ = {
			isa = PBXVariantGroup;
			children = (
				8432D152276D14250029C3F1 /* Base */,
			);
			name = Main.storyboard;
			sourceTree = "<group>";
		};
		8432D159276D14280029C3F1 /* LaunchScreen.storyboard */ = {
			isa = PBXVariantGroup;
			children = (
				8432D15A276D14280029C3F1 /* Base */,
			);
			name = LaunchScreen.storyboard;
			sourceTree = "<group>";
		};
/* End PBXVariantGroup section */

/* Begin XCBuildConfiguration section */
		8432D173276D14280029C3F1 /* Debug */ = {
			isa = XCBuildConfiguration;
			buildSettings = {
				ALWAYS_SEARCH_USER_PATHS = NO;
				CLANG_ANALYZER_NONNULL = YES;
				CLANG_ANALYZER_NUMBER_OBJECT_CONVERSION = YES_AGGRESSIVE;
				CLANG_CXX_LANGUAGE_STANDARD = "gnu++17";
				CLANG_CXX_LIBRARY = "libc++";
				CLANG_ENABLE_MODULES = YES;
				CLANG_ENABLE_OBJC_ARC = YES;
				CLANG_ENABLE_OBJC_WEAK = YES;
				CLANG_WARN_BLOCK_CAPTURE_AUTORELEASING = YES;
				CLANG_WARN_BOOL_CONVERSION = YES;
				CLANG_WARN_COMMA = YES;
				CLANG_WARN_CONSTANT_CONVERSION = YES;
				CLANG_WARN_DEPRECATED_OBJC_IMPLEMENTATIONS = YES;
				CLANG_WARN_DIRECT_OBJC_ISA_USAGE = YES_ERROR;
				CLANG_WARN_DOCUMENTATION_COMMENTS = YES;
				CLANG_WARN_EMPTY_BODY = YES;
				CLANG_WARN_ENUM_CONVERSION = YES;
				CLANG_WARN_INFINITE_RECURSION = YES;
				CLANG_WARN_INT_CONVERSION = YES;
				CLANG_WARN_NON_LITERAL_NULL_CONVERSION = YES;
				CLANG_WARN_OBJC_IMPLICIT_RETAIN_SELF = YES;
				CLANG_WARN_OBJC_LITERAL_CONVERSION = YES;
				CLANG_WARN_OBJC_ROOT_CLASS = YES_ERROR;
				CLANG_WARN_QUOTED_INCLUDE_IN_FRAMEWORK_HEADER = YES;
				CLANG_WARN_RANGE_LOOP_ANALYSIS = YES;
				CLANG_WARN_STRICT_PROTOTYPES = YES;
				CLANG_WARN_SUSPICIOUS_MOVE = YES;
				CLANG_WARN_UNGUARDED_AVAILABILITY = YES_AGGRESSIVE;
				CLANG_WARN_UNREACHABLE_CODE = YES;
				CLANG_WARN__DUPLICATE_METHOD_MATCH = YES;
				COPY_PHASE_STRIP = NO;
				DEBUG_INFORMATION_FORMAT = dwarf;
				ENABLE_STRICT_OBJC_MSGSEND = YES;
				ENABLE_TESTABILITY = YES;
				GCC_C_LANGUAGE_STANDARD = gnu11;
				GCC_DYNAMIC_NO_PIC = NO;
				GCC_NO_COMMON_BLOCKS = YES;
				GCC_OPTIMIZATION_LEVEL = 0;
				GCC_PREPROCESSOR_DEFINITIONS = (
					"DEBUG=1",
					"$(inherited)",
				);
				GCC_WARN_64_TO_32_BIT_CONVERSION = YES;
				GCC_WARN_ABOUT_RETURN_TYPE = YES_ERROR;
				GCC_WARN_UNDECLARED_SELECTOR = YES;
				GCC_WARN_UNINITIALIZED_AUTOS = YES_AGGRESSIVE;
				GCC_WARN_UNUSED_FUNCTION = YES;
				GCC_WARN_UNUSED_VARIABLE = YES;
				IPHONEOS_DEPLOYMENT_TARGET = 15.2;
				MTL_ENABLE_DEBUG_INFO = INCLUDE_SOURCE;
				MTL_FAST_MATH = YES;
				ONLY_ACTIVE_ARCH = YES;
				SDKROOT = iphoneos;
				SWIFT_ACTIVE_COMPILATION_CONDITIONS = DEBUG;
				SWIFT_OPTIMIZATION_LEVEL = "-Onone";
			};
			name = Debug;
		};
		8432D174276D14280029C3F1 /* Release */ = {
			isa = XCBuildConfiguration;
			buildSettings = {
				ALWAYS_SEARCH_USER_PATHS = NO;
				CLANG_ANALYZER_NONNULL = YES;
				CLANG_ANALYZER_NUMBER_OBJECT_CONVERSION = YES_AGGRESSIVE;
				CLANG_CXX_LANGUAGE_STANDARD = "gnu++17";
				CLANG_CXX_LIBRARY = "libc++";
				CLANG_ENABLE_MODULES = YES;
				CLANG_ENABLE_OBJC_ARC = YES;
				CLANG_ENABLE_OBJC_WEAK = YES;
				CLANG_WARN_BLOCK_CAPTURE_AUTORELEASING = YES;
				CLANG_WARN_BOOL_CONVERSION = YES;
				CLANG_WARN_COMMA = YES;
				CLANG_WARN_CONSTANT_CONVERSION = YES;
				CLANG_WARN_DEPRECATED_OBJC_IMPLEMENTATIONS = YES;
				CLANG_WARN_DIRECT_OBJC_ISA_USAGE = YES_ERROR;
				CLANG_WARN_DOCUMENTATION_COMMENTS = YES;
				CLANG_WARN_EMPTY_BODY = YES;
				CLANG_WARN_ENUM_CONVERSION = YES;
				CLANG_WARN_INFINITE_RECURSION = YES;
				CLANG_WARN_INT_CONVERSION = YES;
				CLANG_WARN_NON_LITERAL_NULL_CONVERSION = YES;
				CLANG_WARN_OBJC_IMPLICIT_RETAIN_SELF = YES;
				CLANG_WARN_OBJC_LITERAL_CONVERSION = YES;
				CLANG_WARN_OBJC_ROOT_CLASS = YES_ERROR;
				CLANG_WARN_QUOTED_INCLUDE_IN_FRAMEWORK_HEADER = YES;
				CLANG_WARN_RANGE_LOOP_ANALYSIS = YES;
				CLANG_WARN_STRICT_PROTOTYPES = YES;
				CLANG_WARN_SUSPICIOUS_MOVE = YES;
				CLANG_WARN_UNGUARDED_AVAILABILITY = YES_AGGRESSIVE;
				CLANG_WARN_UNREACHABLE_CODE = YES;
				CLANG_WARN__DUPLICATE_METHOD_MATCH = YES;
				COPY_PHASE_STRIP = NO;
				DEBUG_INFORMATION_FORMAT = "dwarf-with-dsym";
				ENABLE_NS_ASSERTIONS = NO;
				ENABLE_STRICT_OBJC_MSGSEND = YES;
				GCC_C_LANGUAGE_STANDARD = gnu11;
				GCC_NO_COMMON_BLOCKS = YES;
				GCC_WARN_64_TO_32_BIT_CONVERSION = YES;
				GCC_WARN_ABOUT_RETURN_TYPE = YES_ERROR;
				GCC_WARN_UNDECLARED_SELECTOR = YES;
				GCC_WARN_UNINITIALIZED_AUTOS = YES_AGGRESSIVE;
				GCC_WARN_UNUSED_FUNCTION = YES;
				GCC_WARN_UNUSED_VARIABLE = YES;
				IPHONEOS_DEPLOYMENT_TARGET = 15.2;
				MTL_ENABLE_DEBUG_INFO = NO;
				MTL_FAST_MATH = YES;
				SDKROOT = iphoneos;
				SWIFT_COMPILATION_MODE = wholemodule;
				SWIFT_OPTIMIZATION_LEVEL = "-O";
				VALIDATE_PRODUCT = YES;
			};
			name = Release;
		};
		8432D176276D14280029C3F1 /* Debug */ = {
			isa = XCBuildConfiguration;
			baseConfigurationReference = 7B1397C8B2C1C0C7DC37FBCF /* Pods-TimeVisualizer.debug.xcconfig */;
			buildSettings = {
				ASSETCATALOG_COMPILER_APPICON_NAME = AppIcon;
				ASSETCATALOG_COMPILER_GLOBAL_ACCENT_COLOR_NAME = AccentColor;
				CODE_SIGN_STYLE = Automatic;
				CURRENT_PROJECT_VERSION = 1;
				DEVELOPMENT_TEAM = 9U2P84VZ5X;
				GENERATE_INFOPLIST_FILE = YES;
				INFOPLIST_FILE = TimeVisualizer/Info.plist;
				INFOPLIST_KEY_UIApplicationSupportsIndirectInputEvents = YES;
				INFOPLIST_KEY_UILaunchStoryboardName = LaunchScreen;
				INFOPLIST_KEY_UIMainStoryboardFile = Main;
				INFOPLIST_KEY_UISupportedInterfaceOrientations_iPad = "UIInterfaceOrientationPortrait UIInterfaceOrientationPortraitUpsideDown UIInterfaceOrientationLandscapeLeft UIInterfaceOrientationLandscapeRight";
				INFOPLIST_KEY_UISupportedInterfaceOrientations_iPhone = "UIInterfaceOrientationPortrait UIInterfaceOrientationLandscapeLeft UIInterfaceOrientationLandscapeRight";
				LD_RUNPATH_SEARCH_PATHS = (
					"$(inherited)",
					"@executable_path/Frameworks",
				);
				MARKETING_VERSION = 1.0;
				PRODUCT_BUNDLE_IDENTIFIER = "Dojo-Nerds.TimeVisualizer";
				PRODUCT_NAME = "$(TARGET_NAME)";
				SWIFT_EMIT_LOC_STRINGS = YES;
				SWIFT_VERSION = 5.0;
				TARGETED_DEVICE_FAMILY = "1,2";
			};
			name = Debug;
		};
		8432D177276D14280029C3F1 /* Release */ = {
			isa = XCBuildConfiguration;
			baseConfigurationReference = AA5C89B8D3345433780078C3 /* Pods-TimeVisualizer.release.xcconfig */;
			buildSettings = {
				ASSETCATALOG_COMPILER_APPICON_NAME = AppIcon;
				ASSETCATALOG_COMPILER_GLOBAL_ACCENT_COLOR_NAME = AccentColor;
				CODE_SIGN_STYLE = Automatic;
				CURRENT_PROJECT_VERSION = 1;
				DEVELOPMENT_TEAM = 9U2P84VZ5X;
				GENERATE_INFOPLIST_FILE = YES;
				INFOPLIST_FILE = TimeVisualizer/Info.plist;
				INFOPLIST_KEY_UIApplicationSupportsIndirectInputEvents = YES;
				INFOPLIST_KEY_UILaunchStoryboardName = LaunchScreen;
				INFOPLIST_KEY_UIMainStoryboardFile = Main;
				INFOPLIST_KEY_UISupportedInterfaceOrientations_iPad = "UIInterfaceOrientationPortrait UIInterfaceOrientationPortraitUpsideDown UIInterfaceOrientationLandscapeLeft UIInterfaceOrientationLandscapeRight";
				INFOPLIST_KEY_UISupportedInterfaceOrientations_iPhone = "UIInterfaceOrientationPortrait UIInterfaceOrientationLandscapeLeft UIInterfaceOrientationLandscapeRight";
				LD_RUNPATH_SEARCH_PATHS = (
					"$(inherited)",
					"@executable_path/Frameworks",
				);
				MARKETING_VERSION = 1.0;
				PRODUCT_BUNDLE_IDENTIFIER = "Dojo-Nerds.TimeVisualizer";
				PRODUCT_NAME = "$(TARGET_NAME)";
				SWIFT_EMIT_LOC_STRINGS = YES;
				SWIFT_VERSION = 5.0;
				TARGETED_DEVICE_FAMILY = "1,2";
			};
			name = Release;
		};
		8432D179276D14280029C3F1 /* Debug */ = {
			isa = XCBuildConfiguration;
			baseConfigurationReference = 278C362601C08D99B03E9050 /* Pods-TimeVisualizerTests.debug.xcconfig */;
			buildSettings = {
				ALWAYS_EMBED_SWIFT_STANDARD_LIBRARIES = YES;
				BUNDLE_LOADER = "$(TEST_HOST)";
				CODE_SIGN_STYLE = Automatic;
				CURRENT_PROJECT_VERSION = 1;
				DEVELOPMENT_TEAM = 9U2P84VZ5X;
				GENERATE_INFOPLIST_FILE = YES;
				IPHONEOS_DEPLOYMENT_TARGET = 15.2;
				MARKETING_VERSION = 1.0;
				PRODUCT_BUNDLE_IDENTIFIER = "Dojo-Nerds.TimeVisualizerTests";
				PRODUCT_NAME = "$(TARGET_NAME)";
				SWIFT_EMIT_LOC_STRINGS = NO;
				SWIFT_VERSION = 5.0;
				TARGETED_DEVICE_FAMILY = "1,2";
				TEST_HOST = "$(BUILT_PRODUCTS_DIR)/TimeVisualizer.app/TimeVisualizer";
			};
			name = Debug;
		};
		8432D17A276D14280029C3F1 /* Release */ = {
			isa = XCBuildConfiguration;
			baseConfigurationReference = 3B0164FF735030202973DA1F /* Pods-TimeVisualizerTests.release.xcconfig */;
			buildSettings = {
				ALWAYS_EMBED_SWIFT_STANDARD_LIBRARIES = YES;
				BUNDLE_LOADER = "$(TEST_HOST)";
				CODE_SIGN_STYLE = Automatic;
				CURRENT_PROJECT_VERSION = 1;
				DEVELOPMENT_TEAM = 9U2P84VZ5X;
				GENERATE_INFOPLIST_FILE = YES;
				IPHONEOS_DEPLOYMENT_TARGET = 15.2;
				MARKETING_VERSION = 1.0;
				PRODUCT_BUNDLE_IDENTIFIER = "Dojo-Nerds.TimeVisualizerTests";
				PRODUCT_NAME = "$(TARGET_NAME)";
				SWIFT_EMIT_LOC_STRINGS = NO;
				SWIFT_VERSION = 5.0;
				TARGETED_DEVICE_FAMILY = "1,2";
				TEST_HOST = "$(BUILT_PRODUCTS_DIR)/TimeVisualizer.app/TimeVisualizer";
			};
			name = Release;
		};
		8432D17C276D14280029C3F1 /* Debug */ = {
			isa = XCBuildConfiguration;
			baseConfigurationReference = 9B6EC14DA75BAFBE8D6B9687 /* Pods-TimeVisualizer-TimeVisualizerUITests.debug.xcconfig */;
			buildSettings = {
				ALWAYS_EMBED_SWIFT_STANDARD_LIBRARIES = YES;
				CODE_SIGN_STYLE = Automatic;
				CURRENT_PROJECT_VERSION = 1;
				DEVELOPMENT_TEAM = 9U2P84VZ5X;
				GENERATE_INFOPLIST_FILE = YES;
				MARKETING_VERSION = 1.0;
				PRODUCT_BUNDLE_IDENTIFIER = "Dojo-Nerds.TimeVisualizerUITests";
				PRODUCT_NAME = "$(TARGET_NAME)";
				SWIFT_EMIT_LOC_STRINGS = NO;
				SWIFT_VERSION = 5.0;
				TARGETED_DEVICE_FAMILY = "1,2";
				TEST_TARGET_NAME = TimeVisualizer;
			};
			name = Debug;
		};
		8432D17D276D14280029C3F1 /* Release */ = {
			isa = XCBuildConfiguration;
			baseConfigurationReference = 33352E006CE7450921008181 /* Pods-TimeVisualizer-TimeVisualizerUITests.release.xcconfig */;
			buildSettings = {
				ALWAYS_EMBED_SWIFT_STANDARD_LIBRARIES = YES;
				CODE_SIGN_STYLE = Automatic;
				CURRENT_PROJECT_VERSION = 1;
				DEVELOPMENT_TEAM = 9U2P84VZ5X;
				GENERATE_INFOPLIST_FILE = YES;
				MARKETING_VERSION = 1.0;
				PRODUCT_BUNDLE_IDENTIFIER = "Dojo-Nerds.TimeVisualizerUITests";
				PRODUCT_NAME = "$(TARGET_NAME)";
				SWIFT_EMIT_LOC_STRINGS = NO;
				SWIFT_VERSION = 5.0;
				TARGETED_DEVICE_FAMILY = "1,2";
				TEST_TARGET_NAME = TimeVisualizer;
			};
			name = Release;
		};
/* End XCBuildConfiguration section */

/* Begin XCConfigurationList section */
		8432D143276D14250029C3F1 /* Build configuration list for PBXProject "TimeVisualizer" */ = {
			isa = XCConfigurationList;
			buildConfigurations = (
				8432D173276D14280029C3F1 /* Debug */,
				8432D174276D14280029C3F1 /* Release */,
			);
			defaultConfigurationIsVisible = 0;
			defaultConfigurationName = Release;
		};
		8432D175276D14280029C3F1 /* Build configuration list for PBXNativeTarget "TimeVisualizer" */ = {
			isa = XCConfigurationList;
			buildConfigurations = (
				8432D176276D14280029C3F1 /* Debug */,
				8432D177276D14280029C3F1 /* Release */,
			);
			defaultConfigurationIsVisible = 0;
			defaultConfigurationName = Release;
		};
		8432D178276D14280029C3F1 /* Build configuration list for PBXNativeTarget "TimeVisualizerTests" */ = {
			isa = XCConfigurationList;
			buildConfigurations = (
				8432D179276D14280029C3F1 /* Debug */,
				8432D17A276D14280029C3F1 /* Release */,
			);
			defaultConfigurationIsVisible = 0;
			defaultConfigurationName = Release;
		};
		8432D17B276D14280029C3F1 /* Build configuration list for PBXNativeTarget "TimeVisualizerUITests" */ = {
			isa = XCConfigurationList;
			buildConfigurations = (
				8432D17C276D14280029C3F1 /* Debug */,
				8432D17D276D14280029C3F1 /* Release */,
			);
			defaultConfigurationIsVisible = 0;
			defaultConfigurationName = Release;
		};
/* End XCConfigurationList section */

/* Begin XCVersionGroup section */
		8432D154276D14250029C3F1 /* TimeVisualizer.xcdatamodeld */ = {
			isa = XCVersionGroup;
			children = (
				8432D155276D14250029C3F1 /* TimeVisualizer.xcdatamodel */,
			);
			currentVersion = 8432D155276D14250029C3F1 /* TimeVisualizer.xcdatamodel */;
			path = TimeVisualizer.xcdatamodeld;
			sourceTree = "<group>";
			versionGroupType = wrapper.xcdatamodel;
		};
/* End XCVersionGroup section */
	};
	rootObject = 8432D140276D14250029C3F1 /* Project object */;
}
